
Microsoft Visual Studio Solution File, Format Version 12.00
# Visual Studio Version 17
VisualStudioVersion = 17.14.36915.13 d17.14
MinimumVisualStudioVersion = 10.0.40219.1
Project("{FAE04EC0-301F-11D3-BF4B-00C04F79EFBC}") = "HaccpBackend", "HaccpBackend.csproj", "{A3A7549C-94A6-451E-8249-A039FCD8CECB}"
EndProject
Global
	GlobalSection(SolutionConfigurationPlatforms) = preSolution
		Debug|Any CPU = Debug|Any CPU
		Release|Any CPU = Release|Any CPU
	EndGlobalSection
	GlobalSection(ProjectConfigurationPlatforms) = postSolution
		{A3A7549C-94A6-451E-8249-A039FCD8CECB}.Debug|Any CPU.ActiveCfg = Debug|Any CPU
		{A3A7549C-94A6-451E-8249-A039FCD8CECB}.Debug|Any CPU.Build.0 = Debug|Any CPU
		{A3A7549C-94A6-451E-8249-A039FCD8CECB}.Release|Any CPU.ActiveCfg = Release|Any CPU
		{A3A7549C-94A6-451E-8249-A039FCD8CECB}.Release|Any CPU.Build.0 = Release|Any CPU
	EndGlobalSection
	GlobalSection(SolutionProperties) = preSolution
		HideSolutionNode = FALSE
	EndGlobalSection
	GlobalSection(ExtensibilityGlobals) = postSolution
		SolutionGuid = {14957BD5-5517-4471-958B-6401918643EF}
	EndGlobalSection
EndGlobal
